
Microsoft Visual Studio Solution File, Format Version 12.00
# Visual Studio Version 17
VisualStudioVersion = 17.4.33205.214
MinimumVisualStudioVersion = 10.0.40219.1
Project("{FAE04EC0-301F-11D3-BF4B-00C04F79EFBC}") = "ControlArchivos", "ControlArchivos\ControlArchivos.csproj", "{0FCDCAD2-E339-458A-9C11-0D43A0996079}"
EndProject
Global
	GlobalSection(SolutionConfigurationPlatforms) = preSolution
		Debug|Any CPU = Debug|Any CPU
		Release|Any CPU = Release|Any CPU
	EndGlobalSection
	GlobalSection(ProjectConfigurationPlatforms) = postSolution
		{0FCDCAD2-E339-458A-9C11-0D43A0996079}.Debug|Any CPU.ActiveCfg = Debug|Any CPU
		{0FCDCAD2-E339-458A-9C11-0D43A0996079}.Debug|Any CPU.Build.0 = Debug|Any CPU
		{0FCDCAD2-E339-458A-9C11-0D43A0996079}.Release|Any CPU.ActiveCfg = Release|Any CPU
		{0FCDCAD2-E339-458A-9C11-0D43A0996079}.Release|Any CPU.Build.0 = Release|Any CPU
	EndGlobalSection
	GlobalSection(SolutionProperties) = preSolution
		HideSolutionNode = FALSE
	EndGlobalSection
	GlobalSection(ExtensibilityGlobals) = postSolution
		SolutionGuid = {DB3EBF58-2F5D-4B0B-89AA-31145E72B6B6}
	EndGlobalSection
EndGlobal
